
Microsoft Visual Studio Solution File, Format Version 12.00
# Visual Studio Version 17
VisualStudioVersion = 17.13.36105.23 d17.13
MinimumVisualStudioVersion = 10.0.40219.1
Project("{FAE04EC0-301F-11D3-BF4B-00C04F79EFBC}") = "Training.DevOps", "Training.DevOps\Training.DevOps.csproj", "{3AA6448E-66BF-40A0-863D-54489FF702B3}"
EndProject
Global
	GlobalSection(SolutionConfigurationPlatforms) = preSolution
		Debug|Any CPU = Debug|Any CPU
		Release|Any CPU = Release|Any CPU
	EndGlobalSection
	GlobalSection(ProjectConfigurationPlatforms) = postSolution
		{3AA6448E-66BF-40A0-863D-54489FF702B3}.Debug|Any CPU.ActiveCfg = Debug|Any CPU
		{3AA6448E-66BF-40A0-863D-54489FF702B3}.Debug|Any CPU.Build.0 = Debug|Any CPU
		{3AA6448E-66BF-40A0-863D-54489FF702B3}.Release|Any CPU.ActiveCfg = Release|Any CPU
		{3AA6448E-66BF-40A0-863D-54489FF702B3}.Release|Any CPU.Build.0 = Release|Any CPU
	EndGlobalSection
	GlobalSection(SolutionProperties) = preSolution
		HideSolutionNode = FALSE
	EndGlobalSection
	GlobalSection(ExtensibilityGlobals) = postSolution
		SolutionGuid = {326B2FA2-4063-4426-AD1A-F3787704B000}
	EndGlobalSection
EndGlobal
